{
    "_readme": [
        "This file locks the dependencies of your project to a known state",
        "Read more about it at http://getcomposer.org/doc/01-basic-usage.md#composer-lock-the-lock-file",
        "This file is @generated automatically"
    ],
    "hash": "4239f48d1c4cbb977ec1bbf8f2821787",
    "packages": [
        {
            "name": "codegyre/robo",
            "version": "dev-master",
            "source": {
                "type": "git",
                "url": "https://github.com/Codegyre/Robo.git",
                "reference": "15d847b34520bb32aa9186b8edbab2a981f474fb"
            },
            "dist": {
                "type": "zip",
                "url": "https://api.github.com/repos/Codegyre/Robo/zipball/15d847b34520bb32aa9186b8edbab2a981f474fb",
                "reference": "15d847b34520bb32aa9186b8edbab2a981f474fb",
                "shasum": ""
            },
            "require": {
                "henrikbjorn/lurker": "1.0.*@dev",
                "php": ">=5.4.0",
                "symfony/console": "~2.5",
                "symfony/filesystem": "~2.5",
                "symfony/finder": "~2.5",
                "symfony/process": "~2.5"
            },
            "require-dev": {
                "codeception/aspect-mock": "0.5.*",
                "codeception/codeception": "~2.0",
                "codeception/verify": "0.2.*",
                "natxet/cssmin": "~3.0",
                "patchwork/jsqueeze": "~1.0"
            },
            "bin": [
                "robo"
            ],
            "type": "library",
            "autoload": {
                "psr-4": {
                    "Robo\\": "src"
                }
            },
            "notification-url": "https://packagist.org/downloads/",
            "license": [
                "MIT"
            ],
            "authors": [
                {
                    "name": "Davert",
                    "email": "davert.php@resend.cc"
                }
            ],
            "description": "Modern task runner",
            "time": "2015-02-08 00:50:32"
        },
        {
            "name": "fzaninotto/faker",
            "version": "dev-master",
            "source": {
                "type": "git",
                "url": "https://github.com/fzaninotto/Faker.git",
                "reference": "81e4eccea302300ac0c69c7ed04c94e29f580633"
            },
            "dist": {
                "type": "zip",
                "url": "https://api.github.com/repos/fzaninotto/Faker/zipball/81e4eccea302300ac0c69c7ed04c94e29f580633",
                "reference": "81e4eccea302300ac0c69c7ed04c94e29f580633",
                "shasum": ""
            },
            "require": {
                "php": ">=5.3.3"
            },
            "require-dev": {
                "phpunit/phpunit": "~4.0",
                "squizlabs/php_codesniffer": "~1.5"
            },
            "suggest": {
                "ext-intl": "*"
            },
            "type": "library",
            "extra": {
                "branch-alias": {
                    "dev-master": "1.5.x-dev"
                }
            },
            "autoload": {
                "psr-4": {
                    "Faker\\": "src/Faker/"
                }
            },
            "notification-url": "https://packagist.org/downloads/",
            "license": [
                "MIT"
            ],
            "authors": [
                {
                    "name": "François Zaninotto"
                }
            ],
            "description": "Faker is a PHP library that generates fake data for you.",
            "keywords": [
                "data",
                "faker",
                "fixtures"
            ],
            "time": "2015-01-27 08:16:46"
        },
        {
            "name": "henrikbjorn/lurker",
            "version": "dev-master",
            "source": {
                "type": "git",
                "url": "https://github.com/henrikbjorn/Lurker.git",
                "reference": "d13372695bf7853edc104bd6ee2ac3deaa92acc2"
            },
            "dist": {
                "type": "zip",
                "url": "https://api.github.com/repos/henrikbjorn/Lurker/zipball/d13372695bf7853edc104bd6ee2ac3deaa92acc2",
                "reference": "d13372695bf7853edc104bd6ee2ac3deaa92acc2",
                "shasum": ""
            },
            "require": {
                "php": ">=5.3.3",
                "symfony/config": "~2.2",
                "symfony/event-dispatcher": "~2.2"
            },
            "suggest": {
                "ext-inotify": ">=0.1.6"
            },
            "type": "library",
            "extra": {
                "branch-alias": {
                    "dev-master": "1.0.x-dev"
                }
            },
            "autoload": {
                "psr-0": {
                    "Lurker": "src"
                }
            },
            "notification-url": "https://packagist.org/downloads/",
            "license": [
                "MIT"
            ],
            "authors": [
                {
                    "name": "Yaroslav Kiliba",
                    "email": "om.dattaya@gmail.com"
                },
                {
                    "name": "Konstantin Kudryashov",
                    "email": "ever.zet@gmail.com"
                },
                {
                    "name": "Henrik Bjrnskov",
                    "email": "henrik@bjrnskov.dk"
                }
            ],
            "description": "Resource Watcher.",
            "keywords": [
                "filesystem",
                "resource",
                "watching"
            ],
            "time": "2014-12-15 08:28:08"
        },
        {
            "name": "jayc89/slim-handlebars",
            "version": "dev-master",
            "source": {
                "type": "git",
                "url": "https://github.com/jayc89/slim-handlebars.git",
                "reference": "74976644ef0f10e28b6d1d326f2de8e6a88491df"
            },
            "dist": {
                "type": "zip",
                "url": "https://api.github.com/repos/jayc89/slim-handlebars/zipball/74976644ef0f10e28b6d1d326f2de8e6a88491df",
                "reference": "74976644ef0f10e28b6d1d326f2de8e6a88491df",
                "shasum": ""
            },
            "require": {
                "php": ">=5.4.0",
                "slim/slim": ">=2.4.0",
                "xamin/handlebars.php": "0.10.0"
            },
            "suggest": {
                "justblackbird/handlebars.php-helpers": "A set of helpers for Handlebars.php template engine."
            },
            "type": "library",
            "autoload": {
                "psr-4": {
                    "Slim\\Handlebars\\": "src/"
                }
            },
            "notification-url": "https://packagist.org/downloads/",
            "license": [
                "MIT"
            ],
            "authors": [
                {
                    "name": "Jamie Cressey",
                    "email": "jamiecressey89@gmail.com",
                    "homepage": "https://github.com/jayc89"
                }
            ],
            "description": "Handlebars View Parser package for the Slim Framework",
            "homepage": "http://github.com/jayc89/Slim-Handlebars",
            "keywords": [
                "extensions",
                "handlebars",
                "slimphp",
                "templating"
            ],
            "time": "2015-01-30 10:26:01"
        },
        {
            "name": "robmorgan/phinx",
            "version": "dev-master",
            "source": {
                "type": "git",
                "url": "https://github.com/robmorgan/phinx.git",
                "reference": "cd2009b71e16ca8363e5e95ee19a991ae4cfcb5a"
            },
            "dist": {
                "type": "zip",
                "url": "https://api.github.com/repos/robmorgan/phinx/zipball/cd2009b71e16ca8363e5e95ee19a991ae4cfcb5a",
                "reference": "cd2009b71e16ca8363e5e95ee19a991ae4cfcb5a",
                "shasum": ""
            },
            "require": {
                "php": ">=5.3.2",
                "symfony/config": "~2.6.0",
                "symfony/console": "~2.6.0",
                "symfony/yaml": "~2.6.0"
            },
            "require-dev": {
                "phpunit/phpunit": "3.7.*",
                "squizlabs/php_codesniffer": "dev-phpcs-fixer"
            },
            "bin": [
                "bin/phinx"
            ],
            "type": "library",
            "autoload": {
                "psr-4": {
                    "Phinx\\": "src/Phinx"
                }
            },
            "notification-url": "https://packagist.org/downloads/",
            "license": [
                "MIT"
            ],
            "authors": [
                {
                    "name": "Rob Morgan",
                    "email": "robbym@gmail.com",
                    "homepage": "http://robmorgan.id.au",
                    "role": "Lead Developer"
                },
                {
                    "name": "Woody Gilk",
                    "email": "woody.gilk@gmail.com",
                    "homepage": "http://shadowhand.me",
                    "role": "Developer"
                }
            ],
            "description": "Phinx makes it ridiculously easy to manage the database migrations for your PHP app.",
            "homepage": "https://phinx.org",
            "keywords": [
                "database",
                "database migrations",
                "db",
                "migrations",
                "phinx"
            ],
            "time": "2015-02-08 03:47:12"
        },
        {
            "name": "slim/slim",
            "version": "2.4.3",
            "source": {
                "type": "git",
                "url": "https://github.com/codeguy/Slim.git",
                "reference": "4906b77a07c7bd6ff1a99aea903e940a2d4fa106"
            },
            "dist": {
                "type": "zip",
                "url": "https://api.github.com/repos/codeguy/Slim/zipball/4906b77a07c7bd6ff1a99aea903e940a2d4fa106",
                "reference": "4906b77a07c7bd6ff1a99aea903e940a2d4fa106",
                "shasum": ""
            },
            "require": {
                "php": ">=5.3.0"
            },
            "suggest": {
                "ext-mcrypt": "Required for HTTP cookie encryption"
            },
            "type": "library",
            "autoload": {
                "psr-0": {
                    "Slim": "."
                }
            },
            "notification-url": "https://packagist.org/downloads/",
            "license": [
                "MIT"
            ],
            "authors": [
                {
                    "name": "Josh Lockhart",
                    "email": "info@joshlockhart.com",
                    "homepage": "http://www.joshlockhart.com/"
                }
            ],
            "description": "Slim Framework, a PHP micro framework",
            "homepage": "http://github.com/codeguy/Slim",
            "keywords": [
                "microframework",
                "rest",
                "router"
            ],
            "time": "2014-04-05 18:33:59"
        },
        {
            "name": "slim/views",
            "version": "dev-master",
            "source": {
                "type": "git",
                "url": "https://github.com/codeguy/Slim-Views.git",
                "reference": "8561c785e55a39df6cb6f95c3aba3281a60ed5b0"
            },
            "dist": {
                "type": "zip",
                "url": "https://api.github.com/repos/codeguy/Slim-Views/zipball/8561c785e55a39df6cb6f95c3aba3281a60ed5b0",
                "reference": "8561c785e55a39df6cb6f95c3aba3281a60ed5b0",
                "shasum": ""
            },
            "require": {
                "php": ">=5.3.0",
                "slim/slim": ">=2.4.0"
            },
            "suggest": {
                "smarty/smarty": "Smarty templating system",
                "twig/twig": "Twig templating system"
            },
            "type": "library",
            "autoload": {
                "psr-4": {
                    "Slim\\Views\\": "./"
                }
            },
            "notification-url": "https://packagist.org/downloads/",
            "license": [
                "MIT"
            ],
            "authors": [
                {
                    "name": "Josh Lockhart",
                    "email": "info@joshlockhart.com",
                    "homepage": "http://www.joshlockhart.com/"
                },
                {
                    "name": "Andrew Smith",
                    "email": "a.smith@silentworks.co.uk",
                    "homepage": "http://thoughts.silentworks.co.uk/"
                }
            ],
            "description": "Smarty and Twig View Parser package for the Slim Framework",
            "homepage": "http://github.com/codeguy/Slim-Views",
            "keywords": [
                "extensions",
                "slimphp",
                "templating"
            ],
            "time": "2014-12-09 23:48:51"
        },
        {
            "name": "symfony/config",
            "version": "2.6.x-dev",
            "target-dir": "Symfony/Component/Config",
            "source": {
                "type": "git",
                "url": "https://github.com/symfony/Config.git",
                "reference": "a9f781ba1221067d1f07c8cec0bc50f81b8d7408"
            },
            "dist": {
                "type": "zip",
                "url": "https://api.github.com/repos/symfony/Config/zipball/a9f781ba1221067d1f07c8cec0bc50f81b8d7408",
                "reference": "a9f781ba1221067d1f07c8cec0bc50f81b8d7408",
                "shasum": ""
            },
            "require": {
                "php": ">=5.3.3",
                "symfony/filesystem": "~2.3"
            },
            "type": "library",
            "extra": {
                "branch-alias": {
                    "dev-master": "2.6-dev"
                }
            },
            "autoload": {
                "psr-0": {
                    "Symfony\\Component\\Config\\": ""
                }
            },
            "notification-url": "https://packagist.org/downloads/",
            "license": [
                "MIT"
            ],
            "authors": [
                {
                    "name": "Symfony Community",
                    "homepage": "http://symfony.com/contributors"
                },
                {
                    "name": "Fabien Potencier",
                    "email": "fabien@symfony.com"
                }
            ],
            "description": "Symfony Config Component",
            "homepage": "http://symfony.com",
            "time": "2015-01-21 20:57:55"
        },
        {
            "name": "symfony/console",
            "version": "2.6.x-dev",
            "target-dir": "Symfony/Component/Console",
            "source": {
                "type": "git",
                "url": "https://github.com/symfony/Console.git",
                "reference": "07944837f789bc284206bec1121911ca4bd9008c"
            },
            "dist": {
                "type": "zip",
                "url": "https://api.github.com/repos/symfony/Console/zipball/07944837f789bc284206bec1121911ca4bd9008c",
                "reference": "07944837f789bc284206bec1121911ca4bd9008c",
                "shasum": ""
            },
            "require": {
                "php": ">=5.3.3"
            },
            "require-dev": {
                "psr/log": "~1.0",
                "symfony/event-dispatcher": "~2.1",
                "symfony/process": "~2.1"
            },
            "suggest": {
                "psr/log": "For using the console logger",
                "symfony/event-dispatcher": "",
                "symfony/process": ""
            },
            "type": "library",
            "extra": {
                "branch-alias": {
                    "dev-master": "2.6-dev"
                }
            },
            "autoload": {
                "psr-0": {
                    "Symfony\\Component\\Console\\": ""
                }
            },
            "notification-url": "https://packagist.org/downloads/",
            "license": [
                "MIT"
            ],
            "authors": [
                {
                    "name": "Symfony Community",
                    "homepage": "http://symfony.com/contributors"
                },
                {
                    "name": "Fabien Potencier",
                    "email": "fabien@symfony.com"
                }
            ],
            "description": "Symfony Console Component",
            "homepage": "http://symfony.com",
            "time": "2015-02-08 07:19:48"
        },
        {
            "name": "symfony/event-dispatcher",
            "version": "2.7.x-dev",
            "target-dir": "Symfony/Component/EventDispatcher",
            "source": {
                "type": "git",
                "url": "https://github.com/symfony/EventDispatcher.git",
                "reference": "e9298668dce8dd219d1ee2290c7f313954f1f984"
            },
            "dist": {
                "type": "zip",
                "url": "https://api.github.com/repos/symfony/EventDispatcher/zipball/e9298668dce8dd219d1ee2290c7f313954f1f984",
                "reference": "e9298668dce8dd219d1ee2290c7f313954f1f984",
                "shasum": ""
            },
            "require": {
                "php": ">=5.3.9"
            },
            "require-dev": {
                "psr/log": "~1.0",
                "symfony/config": "~2.0,>=2.0.5|~3.0.0",
                "symfony/dependency-injection": "~2.6|~3.0.0",
                "symfony/expression-language": "~2.6|~3.0.0",
                "symfony/stopwatch": "~2.3|~3.0.0"
            },
            "suggest": {
                "symfony/dependency-injection": "",
                "symfony/http-kernel": ""
            },
            "type": "library",
            "extra": {
                "branch-alias": {
                    "dev-master": "2.7-dev"
                }
            },
            "autoload": {
                "psr-0": {
                    "Symfony\\Component\\EventDispatcher\\": ""
                }
            },
            "notification-url": "https://packagist.org/downloads/",
            "license": [
                "MIT"
            ],
            "authors": [
                {
                    "name": "Symfony Community",
                    "homepage": "http://symfony.com/contributors"
                },
                {
                    "name": "Fabien Potencier",
                    "email": "fabien@symfony.com"
                }
            ],
            "description": "Symfony EventDispatcher Component",
            "homepage": "http://symfony.com",
            "time": "2015-02-05 06:58:17"
        },
        {
            "name": "symfony/filesystem",
            "version": "2.7.x-dev",
            "target-dir": "Symfony/Component/Filesystem",
            "source": {
                "type": "git",
                "url": "https://github.com/symfony/Filesystem.git",
                "reference": "e681ca515e1e668a551b089177867e62e03d7d2d"
            },
            "dist": {
                "type": "zip",
                "url": "https://api.github.com/repos/symfony/Filesystem/zipball/e681ca515e1e668a551b089177867e62e03d7d2d",
                "reference": "e681ca515e1e668a551b089177867e62e03d7d2d",
                "shasum": ""
            },
            "require": {
                "php": ">=5.3.9"
            },
            "type": "library",
            "extra": {
                "branch-alias": {
                    "dev-master": "2.7-dev"
                }
            },
            "autoload": {
                "psr-0": {
                    "Symfony\\Component\\Filesystem\\": ""
                }
            },
            "notification-url": "https://packagist.org/downloads/",
            "license": [
                "MIT"
            ],
            "authors": [
                {
                    "name": "Symfony Community",
                    "homepage": "http://symfony.com/contributors"
                },
                {
                    "name": "Fabien Potencier",
                    "email": "fabien@symfony.com"
                }
            ],
            "description": "Symfony Filesystem Component",
            "homepage": "http://symfony.com",
            "time": "2015-01-09 06:51:41"
        },
        {
            "name": "symfony/finder",
            "version": "2.7.x-dev",
            "target-dir": "Symfony/Component/Finder",
            "source": {
                "type": "git",
                "url": "https://github.com/symfony/Finder.git",
                "reference": "0c737de96a94d14a51738d285ad426a102baac0e"
            },
            "dist": {
                "type": "zip",
                "url": "https://api.github.com/repos/symfony/Finder/zipball/0c737de96a94d14a51738d285ad426a102baac0e",
                "reference": "0c737de96a94d14a51738d285ad426a102baac0e",
                "shasum": ""
            },
            "require": {
                "php": ">=5.3.9"
            },
            "type": "library",
            "extra": {
                "branch-alias": {
                    "dev-master": "2.7-dev"
                }
            },
            "autoload": {
                "psr-0": {
                    "Symfony\\Component\\Finder\\": ""
                }
            },
            "notification-url": "https://packagist.org/downloads/",
            "license": [
                "MIT"
            ],
            "authors": [
                {
                    "name": "Symfony Community",
                    "homepage": "http://symfony.com/contributors"
                },
                {
                    "name": "Fabien Potencier",
                    "email": "fabien@symfony.com"
                }
            ],
            "description": "Symfony Finder Component",
            "homepage": "http://symfony.com",
            "time": "2015-01-09 06:51:41"
        },
        {
            "name": "symfony/process",
            "version": "2.7.x-dev",
            "target-dir": "Symfony/Component/Process",
            "source": {
                "type": "git",
                "url": "https://github.com/symfony/Process.git",
                "reference": "2780319724b67e76758e9f8e6fe4dee99a0cf6f9"
            },
            "dist": {
                "type": "zip",
                "url": "https://api.github.com/repos/symfony/Process/zipball/2780319724b67e76758e9f8e6fe4dee99a0cf6f9",
                "reference": "2780319724b67e76758e9f8e6fe4dee99a0cf6f9",
                "shasum": ""
            },
            "require": {
                "php": ">=5.3.9"
            },
            "type": "library",
            "extra": {
                "branch-alias": {
                    "dev-master": "2.7-dev"
                }
            },
            "autoload": {
                "psr-0": {
                    "Symfony\\Component\\Process\\": ""
                }
            },
            "notification-url": "https://packagist.org/downloads/",
            "license": [
                "MIT"
            ],
            "authors": [
                {
                    "name": "Symfony Community",
                    "homepage": "http://symfony.com/contributors"
                },
                {
                    "name": "Fabien Potencier",
                    "email": "fabien@symfony.com"
                }
            ],
            "description": "Symfony Process Component",
            "homepage": "http://symfony.com",
            "time": "2015-02-05 08:35:11"
        },
        {
            "name": "symfony/yaml",
            "version": "2.6.x-dev",
            "target-dir": "Symfony/Component/Yaml",
            "source": {
                "type": "git",
                "url": "https://github.com/symfony/Yaml.git",
                "reference": "60ed7751671113cf1ee7d7778e691642c2e9acd8"
            },
            "dist": {
                "type": "zip",
                "url": "https://api.github.com/repos/symfony/Yaml/zipball/60ed7751671113cf1ee7d7778e691642c2e9acd8",
                "reference": "60ed7751671113cf1ee7d7778e691642c2e9acd8",
                "shasum": ""
            },
            "require": {
                "php": ">=5.3.3"
            },
            "type": "library",
            "extra": {
                "branch-alias": {
                    "dev-master": "2.6-dev"
                }
            },
            "autoload": {
                "psr-0": {
                    "Symfony\\Component\\Yaml\\": ""
                }
            },
            "notification-url": "https://packagist.org/downloads/",
            "license": [
                "MIT"
            ],
            "authors": [
                {
                    "name": "Symfony Community",
                    "homepage": "http://symfony.com/contributors"
                },
                {
                    "name": "Fabien Potencier",
                    "email": "fabien@symfony.com"
                }
            ],
            "description": "Symfony Yaml Component",
            "homepage": "http://symfony.com",
            "time": "2015-01-25 04:39:26"
        },
        {
            "name": "twig/extensions",
            "version": "dev-master",
            "source": {
                "type": "git",
                "url": "https://github.com/twigphp/Twig-extensions.git",
                "reference": "8cf4b9fe04077bd54fc73f4fde83347040c3b8cd"
            },
            "dist": {
                "type": "zip",
                "url": "https://api.github.com/repos/twigphp/Twig-extensions/zipball/8cf4b9fe04077bd54fc73f4fde83347040c3b8cd",
                "reference": "8cf4b9fe04077bd54fc73f4fde83347040c3b8cd",
                "shasum": ""
            },
            "require": {
                "twig/twig": "~1.12"
            },
            "require-dev": {
                "symfony/translation": "~2.3"
            },
            "suggest": {
                "symfony/translation": "Allow the time_diff output to be translated"
            },
            "type": "library",
            "extra": {
                "branch-alias": {
                    "dev-master": "1.2.x-dev"
                }
            },
            "autoload": {
                "psr-0": {
                    "Twig_Extensions_": "lib/"
                }
            },
            "notification-url": "https://packagist.org/downloads/",
            "license": [
                "MIT"
            ],
            "authors": [
                {
                    "name": "Fabien Potencier",
                    "email": "fabien@symfony.com"
                }
            ],
            "description": "Common additional features for Twig that do not directly belong in core",
            "homepage": "http://twig.sensiolabs.org/doc/extensions/index.html",
            "keywords": [
                "i18n",
                "text"
            ],
            "time": "2014-10-30 14:30:03"
        },
        {
            "name": "twig/twig",
            "version": "dev-master",
            "source": {
                "type": "git",
                "url": "https://github.com/twigphp/Twig.git",
                "reference": "74a8bddec4e8fbea8b3f497bc7cc4bdf1a498330"
            },
            "dist": {
                "type": "zip",
                "url": "https://api.github.com/repos/twigphp/Twig/zipball/74a8bddec4e8fbea8b3f497bc7cc4bdf1a498330",
                "reference": "74a8bddec4e8fbea8b3f497bc7cc4bdf1a498330",
                "shasum": ""
            },
            "require": {
                "php": ">=5.2.7"
            },
            "type": "library",
            "extra": {
                "branch-alias": {
                    "dev-master": "1.18-dev"
                }
            },
            "autoload": {
                "psr-0": {
                    "Twig_": "lib/"
                }
            },
            "notification-url": "https://packagist.org/downloads/",
            "license": [
                "BSD-3-Clause"
            ],
            "authors": [
                {
                    "name": "Fabien Potencier",
                    "email": "fabien@symfony.com",
                    "homepage": "http://fabien.potencier.org",
                    "role": "Lead Developer"
                },
                {
                    "name": "Armin Ronacher",
                    "email": "armin.ronacher@active-4.com",
                    "role": "Project Founder"
                },
                {
                    "name": "Twig Team",
                    "homepage": "http://twig.sensiolabs.org/contributors",
                    "role": "Contributors"
                }
            ],
            "description": "Twig, the flexible, fast, and secure template language for PHP",
            "homepage": "http://twig.sensiolabs.org",
            "keywords": [
                "templating"
            ],
            "time": "2015-01-30 11:04:23"
        },
        {
            "name": "xamin/handlebars.php",
            "version": "v0.10.0",
            "source": {
                "type": "git",
                "url": "https://github.com/XaminProject/handlebars.php.git",
                "reference": "ed57d8f7d75fb9d16ed89652aec9d747e7f440e1"
            },
            "dist": {
                "type": "zip",
                "url": "https://api.github.com/repos/XaminProject/handlebars.php/zipball/ed57d8f7d75fb9d16ed89652aec9d747e7f440e1",
                "reference": "ed57d8f7d75fb9d16ed89652aec9d747e7f440e1",
                "shasum": ""
            },
            "require-dev": {
                "phpunit/phpunit": "@stable",
                "squizlabs/php_codesniffer": "@stable"
            },
            "type": "library",
            "autoload": {
                "psr-0": {
                    "Handlebars": "src/"
                }
            },
            "notification-url": "https://packagist.org/downloads/",
            "license": [
                "MIT"
            ],
            "authors": [
                {
                    "name": "fzerorubigd",
                    "email": "fzerorubigd@gmail.com"
                },
                {
                    "name": "Behrooz Shabani (everplays)",
                    "email": "everplays@gmail.com"
                }
            ],
            "description": "Handlebars processor for php",
            "homepage": "https://github.com/XaminProject/handlebars.php",
            "time": "2014-11-18 07:02:04"
        }
    ],
    "packages-dev": [],
    "aliases": [],
    "minimum-stability": "dev",
    "stability-flags": {
        "slim/views": 20,
        "robmorgan/phinx": 20,
        "codegyre/robo": 20,
        "fzaninotto/faker": 20,
        "jayc89/slim-handlebars": 20
    },
    "prefer-stable": false,
    "prefer-lowest": false,
    "platform": {
        "php": ">= 5.5.0"
    },
    "platform-dev": []
}
